
Microsoft Visual Studio Solution File, Format Version 12.00
# Visual Studio Version 16
VisualStudioVersion = 16.0.31129.286
MinimumVisualStudioVersion = 10.0.40219.1
Project("{9A19103F-16F7-4668-BE54-9A1E7A4F7556}") = "Ozon.TestProject", "Ozon.TestProject\Ozon.TestProject.csproj", "{35B92CBB-47D5-4479-8F2A-C7FDCD4105FD}"
EndProject
Project("{9A19103F-16F7-4668-BE54-9A1E7A4F7556}") = "Ozon.TestProject.UnitTests", "Ozon.TestProject.UnitTests\Ozon.TestProject.UnitTests.csproj", "{3A318690-41F4-4DEE-B1A7-CD601D62A8F8}"
EndProject
Global
	GlobalSection(SolutionConfigurationPlatforms) = preSolution
		Debug|Any CPU = Debug|Any CPU
		Release|Any CPU = Release|Any CPU
	EndGlobalSection
	GlobalSection(ProjectConfigurationPlatforms) = postSolution
		{35B92CBB-47D5-4479-8F2A-C7FDCD4105FD}.Debug|Any CPU.ActiveCfg = Debug|Any CPU
		{35B92CBB-47D5-4479-8F2A-C7FDCD4105FD}.Debug|Any CPU.Build.0 = Debug|Any CPU
		{35B92CBB-47D5-4479-8F2A-C7FDCD4105FD}.Release|Any CPU.ActiveCfg = Release|Any CPU
		{35B92CBB-47D5-4479-8F2A-C7FDCD4105FD}.Release|Any CPU.Build.0 = Release|Any CPU
		{3A318690-41F4-4DEE-B1A7-CD601D62A8F8}.Debug|Any CPU.ActiveCfg = Debug|Any CPU
		{3A318690-41F4-4DEE-B1A7-CD601D62A8F8}.Debug|Any CPU.Build.0 = Debug|Any CPU
		{3A318690-41F4-4DEE-B1A7-CD601D62A8F8}.Release|Any CPU.ActiveCfg = Release|Any CPU
		{3A318690-41F4-4DEE-B1A7-CD601D62A8F8}.Release|Any CPU.Build.0 = Release|Any CPU
	EndGlobalSection
	GlobalSection(SolutionProperties) = preSolution
		HideSolutionNode = FALSE
	EndGlobalSection
	GlobalSection(ExtensibilityGlobals) = postSolution
		SolutionGuid = {5B663765-B572-4EB4-A0C1-59FBDA427B6A}
	EndGlobalSection
EndGlobal
